
Microsoft Visual Studio Solution File, Format Version 12.00
# Visual Studio Version 17
VisualStudioVersion = 17.0.31903.59
MinimumVisualStudioVersion = 10.0.40219.1
Project("{FAE04EC0-301F-11D3-BF4B-00C04F79EFBC}") = "HelloWorld", "HelloWorld\HelloWorld.csproj", "{51FBD1B1-358F-4655-915F-94C8DD7BBD68}"
EndProject
Project("{FAE04EC0-301F-11D3-BF4B-00C04F79EFBC}") = "HelloWorld.Tests", "HelloWorld.Tests\HelloWorld.Tests.csproj", "{C2BF5EE8-CB98-452B-A314-4D2C9B49DDDC}"
EndProject
Project("{FAE04EC0-301F-11D3-BF4B-00C04F79EFBC}") = "Kyu6.HelpTheBookSeller", "Kyu6.HelpTheBookSeller\Kyu6.HelpTheBookSeller.csproj", "{B78B4230-21E6-4FDF-B22D-68267DEC5D8D}"
EndProject
Project("{FAE04EC0-301F-11D3-BF4B-00C04F79EFBC}") = "Kyu6.HelpTheBookSeller.Tests", "Kyu6.HelpTheBookSeller.Tests\Kyu6.HelpTheBookSeller.Tests.csproj", "{8164086D-2858-4272-B039-19388F609684}"
EndProject
Project("{FAE04EC0-301F-11D3-BF4B-00C04F79EFBC}") = "Kyu8.HowGoodAreYouReally", "Kyu8.HowGoodAreYouReally\Kyu8.HowGoodAreYouReally.csproj", "{17EB0A2E-DB8C-4EE3-91A5-803BE9D337BE}"
EndProject
Project("{FAE04EC0-301F-11D3-BF4B-00C04F79EFBC}") = "Kyu8.HowGoodAreYouReally.Tests", "Kyu8.HowGoodAreYouReally.Tests\Kyu8.HowGoodAreYouReally.Tests.csproj", "{6BD2855F-A144-4D83-A27D-5CB4A48982A4}"
EndProject
Project("{FAE04EC0-301F-11D3-BF4B-00C04F79EFBC}") = "Kyu6.PlayingWithDigits", "Kyu6.PlayingWithDigits\Kyu6.PlayingWithDigits.csproj", "{008C0559-D94F-4A71-9407-6D27135F9058}"
EndProject
Global
	GlobalSection(SolutionConfigurationPlatforms) = preSolution
		Debug|Any CPU = Debug|Any CPU
		Release|Any CPU = Release|Any CPU
	EndGlobalSection
	GlobalSection(SolutionProperties) = preSolution
		HideSolutionNode = FALSE
	EndGlobalSection
	GlobalSection(ProjectConfigurationPlatforms) = postSolution
		{51FBD1B1-358F-4655-915F-94C8DD7BBD68}.Debug|Any CPU.ActiveCfg = Debug|Any CPU
		{51FBD1B1-358F-4655-915F-94C8DD7BBD68}.Debug|Any CPU.Build.0 = Debug|Any CPU
		{51FBD1B1-358F-4655-915F-94C8DD7BBD68}.Release|Any CPU.ActiveCfg = Release|Any CPU
		{51FBD1B1-358F-4655-915F-94C8DD7BBD68}.Release|Any CPU.Build.0 = Release|Any CPU
		{C2BF5EE8-CB98-452B-A314-4D2C9B49DDDC}.Debug|Any CPU.ActiveCfg = Debug|Any CPU
		{C2BF5EE8-CB98-452B-A314-4D2C9B49DDDC}.Debug|Any CPU.Build.0 = Debug|Any CPU
		{C2BF5EE8-CB98-452B-A314-4D2C9B49DDDC}.Release|Any CPU.ActiveCfg = Release|Any CPU
		{C2BF5EE8-CB98-452B-A314-4D2C9B49DDDC}.Release|Any CPU.Build.0 = Release|Any CPU
		{B78B4230-21E6-4FDF-B22D-68267DEC5D8D}.Debug|Any CPU.ActiveCfg = Debug|Any CPU
		{B78B4230-21E6-4FDF-B22D-68267DEC5D8D}.Debug|Any CPU.Build.0 = Debug|Any CPU
		{B78B4230-21E6-4FDF-B22D-68267DEC5D8D}.Release|Any CPU.ActiveCfg = Release|Any CPU
		{B78B4230-21E6-4FDF-B22D-68267DEC5D8D}.Release|Any CPU.Build.0 = Release|Any CPU
		{8164086D-2858-4272-B039-19388F609684}.Debug|Any CPU.ActiveCfg = Debug|Any CPU
		{8164086D-2858-4272-B039-19388F609684}.Debug|Any CPU.Build.0 = Debug|Any CPU
		{8164086D-2858-4272-B039-19388F609684}.Release|Any CPU.ActiveCfg = Release|Any CPU
		{8164086D-2858-4272-B039-19388F609684}.Release|Any CPU.Build.0 = Release|Any CPU
		{17EB0A2E-DB8C-4EE3-91A5-803BE9D337BE}.Debug|Any CPU.ActiveCfg = Debug|Any CPU
		{17EB0A2E-DB8C-4EE3-91A5-803BE9D337BE}.Debug|Any CPU.Build.0 = Debug|Any CPU
		{17EB0A2E-DB8C-4EE3-91A5-803BE9D337BE}.Release|Any CPU.ActiveCfg = Release|Any CPU
		{17EB0A2E-DB8C-4EE3-91A5-803BE9D337BE}.Release|Any CPU.Build.0 = Release|Any CPU
		{6BD2855F-A144-4D83-A27D-5CB4A48982A4}.Debug|Any CPU.ActiveCfg = Debug|Any CPU
		{6BD2855F-A144-4D83-A27D-5CB4A48982A4}.Debug|Any CPU.Build.0 = Debug|Any CPU
		{6BD2855F-A144-4D83-A27D-5CB4A48982A4}.Release|Any CPU.ActiveCfg = Release|Any CPU
		{6BD2855F-A144-4D83-A27D-5CB4A48982A4}.Release|Any CPU.Build.0 = Release|Any CPU
		{008C0559-D94F-4A71-9407-6D27135F9058}.Debug|Any CPU.ActiveCfg = Debug|Any CPU
		{008C0559-D94F-4A71-9407-6D27135F9058}.Debug|Any CPU.Build.0 = Debug|Any CPU
		{008C0559-D94F-4A71-9407-6D27135F9058}.Release|Any CPU.ActiveCfg = Release|Any CPU
		{008C0559-D94F-4A71-9407-6D27135F9058}.Release|Any CPU.Build.0 = Release|Any CPU
	EndGlobalSection
EndGlobal
