
Microsoft Visual Studio Solution File, Format Version 12.00
# Visual Studio Version 17
VisualStudioVersion = 17.0.31903.59
MinimumVisualStudioVersion = 10.0.40219.1
Project("{FAE04EC0-301F-11D3-BF4B-00C04F79EFBC}") = "HelloWorld", "HelloWorld\HelloWorld.csproj", "{51FBD1B1-358F-4655-915F-94C8DD7BBD68}"
EndProject
Project("{FAE04EC0-301F-11D3-BF4B-00C04F79EFBC}") = "HelloWorld.Tests", "HelloWorld.Tests\HelloWorld.Tests.csproj", "{C2BF5EE8-CB98-452B-A314-4D2C9B49DDDC}"
EndProject
Project("{FAE04EC0-301F-11D3-BF4B-00C04F79EFBC}") = "Kyu6.HelpTheBookSeller", "Kyu6.HelpTheBookSeller\Kyu6.HelpTheBookSeller.csproj", "{B78B4230-21E6-4FDF-B22D-68267DEC5D8D}"
EndProject
Project("{FAE04EC0-301F-11D3-BF4B-00C04F79EFBC}") = "Kyu6.HelpTheBookSeller.Tests", "Kyu6.HelpTheBookSeller.Tests\Kyu6.HelpTheBookSeller.Tests.csproj", "{8164086D-2858-4272-B039-19388F609684}"
EndProject
Project("{FAE04EC0-301F-11D3-BF4B-00C04F79EFBC}") = "Kyu8.HowGoodAreYouReally", "Kyu8.HowGoodAreYouReally\Kyu8.HowGoodAreYouReally.csproj", "{17EB0A2E-DB8C-4EE3-91A5-803BE9D337BE}"
EndProject
Project("{FAE04EC0-301F-11D3-BF4B-00C04F79EFBC}") = "Kyu8.HowGoodAreYouReally.Tests", "Kyu8.HowGoodAreYouReally.Tests\Kyu8.HowGoodAreYouReally.Tests.csproj", "{6BD2855F-A144-4D83-A27D-5CB4A48982A4}"
EndProject
Project("{FAE04EC0-301F-11D3-BF4B-00C04F79EFBC}") = "Kyu6.PlayingWithDigits", "Kyu6.PlayingWithDigits\Kyu6.PlayingWithDigits.csproj", "{008C0559-D94F-4A71-9407-6D27135F9058}"
EndProject
Project("{FAE04EC0-301F-11D3-BF4B-00C04F79EFBC}") = "Kyu6.PlayingWithDigits.Tests", "Kyu6.PlayingWithDigits.Tests\Kyu6.PlayingWithDigits.Tests.csproj", "{52C9C0DB-2D1B-4067-8821-F007F04FC920}"
EndProject
Project("{FAE04EC0-301F-11D3-BF4B-00C04F79EFBC}") = "Kyu8.InvertValues", "Kyu8.InvertValues\Kyu8.InvertValues.csproj", "{A381C99B-3783-4D19-BBA1-F330561B4DD1}"
EndProject
Project("{FAE04EC0-301F-11D3-BF4B-00C04F79EFBC}") = "Kyu8.InvertValues.Tests", "Kyu8.InvertValues.Tests\Kyu8.InvertValues.Tests.csproj", "{27373F87-9D7C-41E7-82FB-406A4BE5B2D4}"
EndProject
Project("{FAE04EC0-301F-11D3-BF4B-00C04F79EFBC}") = "Kyu8.TheFallingSpeedOfPetals", "Kyu8.TheFallingSpeedOfPetals\Kyu8.TheFallingSpeedOfPetals.csproj", "{829FA6BB-A469-4642-833B-6ACFD40E9F47}"
EndProject
Project("{FAE04EC0-301F-11D3-BF4B-00C04F79EFBC}") = "Kyu8.TheFallingSpeedOfPetals.Tests", "Kyu8.TheFallingSpeedOfPetals.Tests\Kyu8.TheFallingSpeedOfPetals.Tests.csproj", "{E4C2BC03-83FB-487A-90D2-6300107E6AFC}"
EndProject
Project("{FAE04EC0-301F-11D3-BF4B-00C04F79EFBC}") = "Kyu6.BouncingBall", "Kyu6.BouncingBall\Kyu6.BouncingBall.csproj", "{399E806A-A7F1-4EDD-BB98-395134D25D5E}"
EndProject
Project("{FAE04EC0-301F-11D3-BF4B-00C04F79EFBC}") = "Kyu6.BouncingBall.Tests", "Kyu6.BouncingBall.Tests\Kyu6.BouncingBall.Tests.csproj", "{1C37715B-1E95-4307-B321-DF528A78B00E}"
EndProject
Global
	GlobalSection(SolutionConfigurationPlatforms) = preSolution
		Debug|Any CPU = Debug|Any CPU
		Release|Any CPU = Release|Any CPU
	EndGlobalSection
	GlobalSection(SolutionProperties) = preSolution
		HideSolutionNode = FALSE
	EndGlobalSection
	GlobalSection(ProjectConfigurationPlatforms) = postSolution
		{51FBD1B1-358F-4655-915F-94C8DD7BBD68}.Debug|Any CPU.ActiveCfg = Debug|Any CPU
		{51FBD1B1-358F-4655-915F-94C8DD7BBD68}.Debug|Any CPU.Build.0 = Debug|Any CPU
		{51FBD1B1-358F-4655-915F-94C8DD7BBD68}.Release|Any CPU.ActiveCfg = Release|Any CPU
		{51FBD1B1-358F-4655-915F-94C8DD7BBD68}.Release|Any CPU.Build.0 = Release|Any CPU
		{C2BF5EE8-CB98-452B-A314-4D2C9B49DDDC}.Debug|Any CPU.ActiveCfg = Debug|Any CPU
		{C2BF5EE8-CB98-452B-A314-4D2C9B49DDDC}.Debug|Any CPU.Build.0 = Debug|Any CPU
		{C2BF5EE8-CB98-452B-A314-4D2C9B49DDDC}.Release|Any CPU.ActiveCfg = Release|Any CPU
		{C2BF5EE8-CB98-452B-A314-4D2C9B49DDDC}.Release|Any CPU.Build.0 = Release|Any CPU
		{B78B4230-21E6-4FDF-B22D-68267DEC5D8D}.Debug|Any CPU.ActiveCfg = Debug|Any CPU
		{B78B4230-21E6-4FDF-B22D-68267DEC5D8D}.Debug|Any CPU.Build.0 = Debug|Any CPU
		{B78B4230-21E6-4FDF-B22D-68267DEC5D8D}.Release|Any CPU.ActiveCfg = Release|Any CPU
		{B78B4230-21E6-4FDF-B22D-68267DEC5D8D}.Release|Any CPU.Build.0 = Release|Any CPU
		{8164086D-2858-4272-B039-19388F609684}.Debug|Any CPU.ActiveCfg = Debug|Any CPU
		{8164086D-2858-4272-B039-19388F609684}.Debug|Any CPU.Build.0 = Debug|Any CPU
		{8164086D-2858-4272-B039-19388F609684}.Release|Any CPU.ActiveCfg = Release|Any CPU
		{8164086D-2858-4272-B039-19388F609684}.Release|Any CPU.Build.0 = Release|Any CPU
		{17EB0A2E-DB8C-4EE3-91A5-803BE9D337BE}.Debug|Any CPU.ActiveCfg = Debug|Any CPU
		{17EB0A2E-DB8C-4EE3-91A5-803BE9D337BE}.Debug|Any CPU.Build.0 = Debug|Any CPU
		{17EB0A2E-DB8C-4EE3-91A5-803BE9D337BE}.Release|Any CPU.ActiveCfg = Release|Any CPU
		{17EB0A2E-DB8C-4EE3-91A5-803BE9D337BE}.Release|Any CPU.Build.0 = Release|Any CPU
		{6BD2855F-A144-4D83-A27D-5CB4A48982A4}.Debug|Any CPU.ActiveCfg = Debug|Any CPU
		{6BD2855F-A144-4D83-A27D-5CB4A48982A4}.Debug|Any CPU.Build.0 = Debug|Any CPU
		{6BD2855F-A144-4D83-A27D-5CB4A48982A4}.Release|Any CPU.ActiveCfg = Release|Any CPU
		{6BD2855F-A144-4D83-A27D-5CB4A48982A4}.Release|Any CPU.Build.0 = Release|Any CPU
		{008C0559-D94F-4A71-9407-6D27135F9058}.Debug|Any CPU.ActiveCfg = Debug|Any CPU
		{008C0559-D94F-4A71-9407-6D27135F9058}.Debug|Any CPU.Build.0 = Debug|Any CPU
		{008C0559-D94F-4A71-9407-6D27135F9058}.Release|Any CPU.ActiveCfg = Release|Any CPU
		{008C0559-D94F-4A71-9407-6D27135F9058}.Release|Any CPU.Build.0 = Release|Any CPU
		{52C9C0DB-2D1B-4067-8821-F007F04FC920}.Debug|Any CPU.ActiveCfg = Debug|Any CPU
		{52C9C0DB-2D1B-4067-8821-F007F04FC920}.Debug|Any CPU.Build.0 = Debug|Any CPU
		{52C9C0DB-2D1B-4067-8821-F007F04FC920}.Release|Any CPU.ActiveCfg = Release|Any CPU
		{52C9C0DB-2D1B-4067-8821-F007F04FC920}.Release|Any CPU.Build.0 = Release|Any CPU
		{A381C99B-3783-4D19-BBA1-F330561B4DD1}.Debug|Any CPU.ActiveCfg = Debug|Any CPU
		{A381C99B-3783-4D19-BBA1-F330561B4DD1}.Debug|Any CPU.Build.0 = Debug|Any CPU
		{A381C99B-3783-4D19-BBA1-F330561B4DD1}.Release|Any CPU.ActiveCfg = Release|Any CPU
		{A381C99B-3783-4D19-BBA1-F330561B4DD1}.Release|Any CPU.Build.0 = Release|Any CPU
		{27373F87-9D7C-41E7-82FB-406A4BE5B2D4}.Debug|Any CPU.ActiveCfg = Debug|Any CPU
		{27373F87-9D7C-41E7-82FB-406A4BE5B2D4}.Debug|Any CPU.Build.0 = Debug|Any CPU
		{27373F87-9D7C-41E7-82FB-406A4BE5B2D4}.Release|Any CPU.ActiveCfg = Release|Any CPU
		{27373F87-9D7C-41E7-82FB-406A4BE5B2D4}.Release|Any CPU.Build.0 = Release|Any CPU
		{829FA6BB-A469-4642-833B-6ACFD40E9F47}.Debug|Any CPU.ActiveCfg = Debug|Any CPU
		{829FA6BB-A469-4642-833B-6ACFD40E9F47}.Debug|Any CPU.Build.0 = Debug|Any CPU
		{829FA6BB-A469-4642-833B-6ACFD40E9F47}.Release|Any CPU.ActiveCfg = Release|Any CPU
		{829FA6BB-A469-4642-833B-6ACFD40E9F47}.Release|Any CPU.Build.0 = Release|Any CPU
		{E4C2BC03-83FB-487A-90D2-6300107E6AFC}.Debug|Any CPU.ActiveCfg = Debug|Any CPU
		{E4C2BC03-83FB-487A-90D2-6300107E6AFC}.Debug|Any CPU.Build.0 = Debug|Any CPU
		{E4C2BC03-83FB-487A-90D2-6300107E6AFC}.Release|Any CPU.ActiveCfg = Release|Any CPU
		{E4C2BC03-83FB-487A-90D2-6300107E6AFC}.Release|Any CPU.Build.0 = Release|Any CPU
		{399E806A-A7F1-4EDD-BB98-395134D25D5E}.Debug|Any CPU.ActiveCfg = Debug|Any CPU
		{399E806A-A7F1-4EDD-BB98-395134D25D5E}.Debug|Any CPU.Build.0 = Debug|Any CPU
		{399E806A-A7F1-4EDD-BB98-395134D25D5E}.Release|Any CPU.ActiveCfg = Release|Any CPU
		{399E806A-A7F1-4EDD-BB98-395134D25D5E}.Release|Any CPU.Build.0 = Release|Any CPU
		{1C37715B-1E95-4307-B321-DF528A78B00E}.Debug|Any CPU.ActiveCfg = Debug|Any CPU
		{1C37715B-1E95-4307-B321-DF528A78B00E}.Debug|Any CPU.Build.0 = Debug|Any CPU
		{1C37715B-1E95-4307-B321-DF528A78B00E}.Release|Any CPU.ActiveCfg = Release|Any CPU
		{1C37715B-1E95-4307-B321-DF528A78B00E}.Release|Any CPU.Build.0 = Release|Any CPU
	EndGlobalSection
EndGlobal
